github.com/sunchao1/hi-im-api v0.1.0 h1:DiZRgU9jIQQ7bNGYutx+106A2LkwcevakcuOVj2GfGo=
github.com/sunchao1/hi-im-api v0.1.0/go.mod h1:TNtkRefI6B9vvN+Of++Z79baYqZf9dNR42of0Z/U2ck=
github.com/sunchao1/hi-im-hubclient v0.1.0 h1:aJ0JigQ5SIPUKbfk2b9pTuhHgl7h5wGEC465cRSW11Y=
github.com/sunchao1/hi-im-hubclient v0.1.0/go.mod h1:1ePRQgp6m+6TMFxSb2UOgj9JdaqhAV6jyBI/YNPixR4=
